
Microsoft Visual Studio Solution File, Format Version 12.00
# Visual Studio Version 17
VisualStudioVersion = 17.0.32014.148
MinimumVisualStudioVersion = 10.0.40219.1
Project("{FAE04EC0-301F-11D3-BF4B-00C04F79EFBC}") = "GiellyGreenApi", "GiellyGreenApi.csproj", "{C3470AF3-9A01-4901-AECD-A905C2FEF248}"
EndProject
Global
	GlobalSection(SolutionConfigurationPlatforms) = preSolution
		Debug|Any CPU = Debug|Any CPU
		Release|Any CPU = Release|Any CPU
	EndGlobalSection
	GlobalSection(ProjectConfigurationPlatforms) = postSolution
		{C3470AF3-9A01-4901-AECD-A905C2FEF248}.Debug|Any CPU.ActiveCfg = Debug|Any CPU
		{C3470AF3-9A01-4901-AECD-A905C2FEF248}.Debug|Any CPU.Build.0 = Debug|Any CPU
		{C3470AF3-9A01-4901-AECD-A905C2FEF248}.Release|Any CPU.ActiveCfg = Release|Any CPU
		{C3470AF3-9A01-4901-AECD-A905C2FEF248}.Release|Any CPU.Build.0 = Release|Any CPU
	EndGlobalSection
	GlobalSection(SolutionProperties) = preSolution
		HideSolutionNode = FALSE
	EndGlobalSection
	GlobalSection(ExtensibilityGlobals) = postSolution
		SolutionGuid = {9963FF1B-8610-4B82-AC7F-20B244CE6643}
	EndGlobalSection
EndGlobal
